// !$*UTF8*$!
{
	archiveVersion = 1;
	classes = {
	};
	objectVersion = 55;
	objects = {

/* Begin PBXBuildFile section */
		22CD8EED306014E90090D409 /* main.m in Sources */ = {isa = PBXBuildFile; fileRef = 22CD8EEC306014E90090D409 /* main.m */; };
		22CD8F12306016D30090D409 /* test.m in Sources */ = {isa = PBXBuildFile; fileRef = 22CD8F11306016D30090D409 /* test.m */; };
		22CD8F13306016D30090D409 /* eclipse_11925.a in Frameworks */ = {isa = PBXBuildFile; fileRef = 22CD8F023060167C0090D409 /* eclipse_11925.a */; };
		22CD8F1B306026F10090D409 /* eclipseCommon.h in Headers */ = {isa = PBXBuildFile; fileRef = 22CD8F1A306026F10090D409 /* eclipseCommon.h */; };
		22CD8F23306027C00090D409 /* eclipse.c in Sources */ = {isa = PBXBuildFile; fileRef = 22CD8F1C306027C00090D409 /* eclipse.c */; settings = {COMPILER_FLAGS = "-xobjective-c"; }; };
		22CD8F24306027C00090D409 /* eclipseCommon.c in Sources */ = {isa = PBXBuildFile; fileRef = 22CD8F1D306027C00090D409 /* eclipseCommon.c */; settings = {COMPILER_FLAGS = "-xobjective-c"; }; };
		22CD8F25306027C00090D409 /* eclipseConfig.c in Sources */ = {isa = PBXBuildFile; fileRef = 22CD8F1E306027C00090D409 /* eclipseConfig.c */; settings = {COMPILER_FLAGS = "-xobjective-c"; }; };
		22CD8F28306027C00090D409 /* eclipseJNI.c in Sources */ = {isa = PBXBuildFile; fileRef = 22CD8F21306027C00090D409 /* eclipseJNI.c */; settings = {COMPILER_FLAGS = "-xobjective-c"; }; };
		22CD8F34306028540090D409 /* eclipseShm.c in Sources */ = {isa = PBXBuildFile; fileRef = 22CD8F2E306028540090D409 /* eclipseShm.c */; settings = {COMPILER_FLAGS = "-xobjective-c"; }; };
		22CD8F35306028540090D409 /* eclipseUtil.c in Sources */ = {isa = PBXBuildFile; fileRef = 22CD8F2F306028540090D409 /* eclipseUtil.c */; settings = {COMPILER_FLAGS = "-xobjective-c"; }; };
		22CD8F36306028540090D409 /* eclipseUnicode.h in Headers */ = {isa = PBXBuildFile; fileRef = 22CD8F30306028540090D409 /* eclipseUnicode.h */; settings = {ATTRIBUTES = (Public, ); }; };
		22CD8F383060287D0090D409 /* eclipseCocoaCommon.c in Sources */ = {isa = PBXBuildFile; fileRef = 22CD8F373060287D0090D409 /* eclipseCocoaCommon.c */; settings = {COMPILER_FLAGS = "-xobjective-c"; }; };
		22CD8F3B306041750090D409 /* libjvm.dylib in Frameworks */ = {isa = PBXBuildFile; fileRef = 22CD8F3A306041750090D409 /* libjvm.dylib */; };
		22CD8F3D30604F0C0090D409 /* eclipseCommon.h in Headers */ = {isa = PBXBuildFile; fileRef = 22CD8F1A306026F10090D409 /* eclipseCommon.h */; settings = {ATTRIBUTES = (Public, ); }; };
		22CD8F3E30604F4A0090D409 /* eclipseOS.h in Headers */ = {isa = PBXBuildFile; fileRef = 22CD8F2D306028530090D409 /* eclipseOS.h */; settings = {ATTRIBUTES = (Public, ); }; };
		22CD8F3F30604F550090D409 /* eclipseUtil.h in Headers */ = {isa = PBXBuildFile; fileRef = 22CD8F2C306028530090D409 /* eclipseUtil.h */; settings = {ATTRIBUTES = (Public, ); }; };
		22CD8F4030604F5C0090D409 /* eclipseJNI.h in Headers */ = {isa = PBXBuildFile; fileRef = 22CD8F22306027C00090D409 /* eclipseJNI.h */; settings = {ATTRIBUTES = (Public, ); }; };
		22CD8F4130604F830090D409 /* eclipseShm.h in Headers */ = {isa = PBXBuildFile; fileRef = 22CD8F2B306028530090D409 /* eclipseShm.h */; settings = {ATTRIBUTES = (Public, ); }; };
		22CD8F4430604FF50090D409 /* eclipseConfig.h in Headers */ = {isa = PBXBuildFile; fileRef = 22CD8F1F306027C00090D409 /* eclipseConfig.h */; settings = {ATTRIBUTES = (Public, ); }; };
		22CD8F463060505C0090D409 /* eclipseCocoa.c in Sources */ = {isa = PBXBuildFile; fileRef = 22CD8F453060505C0090D409 /* eclipseCocoa.c */; settings = {COMPILER_FLAGS = "-xobjective-c"; }; };
/* End PBXBuildFile section */

/* Begin PBXContainerItemProxy section */
		22CD8F14306016D30090D409 /* PBXContainerItemProxy */ = {
			isa = PBXContainerItemProxy;
			containerPortal = 22CD8EE1306014E90090D409 /* Project object */;
			proxyType = 1;
			remoteGlobalIDString = 22CD8F013060167C0090D409;
			remoteInfo = eclipse_11925;
		};
/* End PBXContainerItemProxy section */

/* Begin PBXCopyFilesBuildPhase section */
		22CD8EE7306014E90090D409 /* CopyFiles */ = {
			isa = PBXCopyFilesBuildPhase;
			buildActionMask = 2147483647;
			dstPath = /usr/share/man/man1/;
			dstSubfolderSpec = 0;
			files = (
			);
			runOnlyForDeploymentPostprocessing = 1;
		};
/* End PBXCopyFilesBuildPhase section */

/* Begin PBXFileReference section */
		22CD8EE9306014E90090D409 /* equinox_test */ = {isa = PBXFileReference; explicitFileType = "compiled.mach-o.executable"; includeInIndex = 0; path = equinox_test; sourceTree = BUILT_PRODUCTS_DIR; };
		22CD8EEC306014E90090D409 /* main.m */ = {isa = PBXFileReference; lastKnownFileType = sourcecode.c.objc; path = main.m; sourceTree = "<group>"; };
		22CD8F023060167C0090D409 /* eclipse_11925.a */ = {isa = PBXFileReference; explicitFileType = archive.ar; includeInIndex = 0; path = eclipse_11925.a; sourceTree = BUILT_PRODUCTS_DIR; };
		22CD8F043060167C0090D409 /* eclipse_11925.h */ = {isa = PBXFileReference; lastKnownFileType = sourcecode.c.h; path = eclipse_11925.h; sourceTree = "<group>"; };
		22CD8F063060167C0090D409 /* eclipse_11925.m */ = {isa = PBXFileReference; lastKnownFileType = sourcecode.c.objc; path = eclipse_11925.m; sourceTree = "<group>"; };
		22CD8F0F306016D30090D409 /* test.xctest */ = {isa = PBXFileReference; explicitFileType = wrapper.cfbundle; includeInIndex = 0; path = test.xctest; sourceTree = BUILT_PRODUCTS_DIR; };
		22CD8F11306016D30090D409 /* test.m */ = {isa = PBXFileReference; lastKnownFileType = sourcecode.c.objc; path = test.m; sourceTree = "<group>"; };
		22CD8F1A306026F10090D409 /* eclipseCommon.h */ = {isa = PBXFileReference; lastKnownFileType = sourcecode.c.h; name = eclipseCommon.h; path = ../features/org.eclipse.equinox.executable.feature/library/eclipseCommon.h; sourceTree = "<group>"; };
		22CD8F1C306027C00090D409 /* eclipse.c */ = {isa = PBXFileReference; lastKnownFileType = sourcecode.c.c; name = eclipse.c; path = ../features/org.eclipse.equinox.executable.feature/library/eclipse.c; sourceTree = "<group>"; };
		22CD8F1D306027C00090D409 /* eclipseCommon.c */ = {isa = PBXFileReference; lastKnownFileType = sourcecode.c.c; name = eclipseCommon.c; path = ../features/org.eclipse.equinox.executable.feature/library/eclipseCommon.c; sourceTree = "<group>"; };
		22CD8F1E306027C00090D409 /* eclipseConfig.c */ = {isa = PBXFileReference; lastKnownFileType = sourcecode.c.c; name = eclipseConfig.c; path = ../features/org.eclipse.equinox.executable.feature/library/eclipseConfig.c; sourceTree = "<group>"; };
		22CD8F1F306027C00090D409 /* eclipseConfig.h */ = {isa = PBXFileReference; lastKnownFileType = sourcecode.c.h; name = eclipseConfig.h; path = ../features/org.eclipse.equinox.executable.feature/library/eclipseConfig.h; sourceTree = "<group>"; };
		22CD8F21306027C00090D409 /* eclipseJNI.c */ = {isa = PBXFileReference; lastKnownFileType = sourcecode.c.c; name = eclipseJNI.c; path = ../features/org.eclipse.equinox.executable.feature/library/eclipseJNI.c; sourceTree = "<group>"; };
		22CD8F22306027C00090D409 /* eclipseJNI.h */ = {isa = PBXFileReference; lastKnownFileType = sourcecode.c.h; name = eclipseJNI.h; path = ../features/org.eclipse.equinox.executable.feature/library/eclipseJNI.h; sourceTree = "<group>"; };
		22CD8F2B306028530090D409 /* eclipseShm.h */ = {isa = PBXFileReference; lastKnownFileType = sourcecode.c.h; name = eclipseShm.h; path = ../features/org.eclipse.equinox.executable.feature/library/eclipseShm.h; sourceTree = "<group>"; };
		22CD8F2C306028530090D409 /* eclipseUtil.h */ = {isa = PBXFileReference; lastKnownFileType = sourcecode.c.h; name = eclipseUtil.h; path = ../features/org.eclipse.equinox.executable.feature/library/eclipseUtil.h; sourceTree = "<group>"; };
		22CD8F2D306028530090D409 /* eclipseOS.h */ = {isa = PBXFileReference; lastKnownFileType = sourcecode.c.h; name = eclipseOS.h; path = ../features/org.eclipse.equinox.executable.feature/library/eclipseOS.h; sourceTree = "<group>"; };
		22CD8F2E306028540090D409 /* eclipseShm.c */ = {isa = PBXFileReference; lastKnownFileType = sourcecode.c.c; name = eclipseShm.c; path = ../features/org.eclipse.equinox.executable.feature/library/eclipseShm.c; sourceTree = "<group>"; };
		22CD8F2F306028540090D409 /* eclipseUtil.c */ = {isa = PBXFileReference; lastKnownFileType = sourcecode.c.c; name = eclipseUtil.c; path = ../features/org.eclipse.equinox.executable.feature/library/eclipseUtil.c; sourceTree = "<group>"; };
		22CD8F30306028540090D409 /* eclipseUnicode.h */ = {isa = PBXFileReference; lastKnownFileType = sourcecode.c.h; name = eclipseUnicode.h; path = ../features/org.eclipse.equinox.executable.feature/library/eclipseUnicode.h; sourceTree = "<group>"; };
		22CD8F373060287D0090D409 /* eclipseCocoaCommon.c */ = {isa = PBXFileReference; lastKnownFileType = sourcecode.c.c; name = eclipseCocoaCommon.c; path = ../features/org.eclipse.equinox.executable.feature/library/cocoa/eclipseCocoaCommon.c; sourceTree = "<group>"; };
		22CD8F3A306041750090D409 /* libjvm.dylib */ = {isa = PBXFileReference; lastKnownFileType = "compiled.mach-o.dylib"; name = libjvm.dylib; path = "../../../../../Library/Java/JavaVirtualMachines/jdk-26.jdk/Contents/Home/lib/server/libjvm.dylib"; sourceTree = "<group>"; };
		22CD8F3C30604EA20090D409 /* eclipseUnicode.h */ = {isa = PBXFileReference; lastKnownFileType = sourcecode.c.h; name = eclipseUnicode.h; path = ../features/org.eclipse.equinox.executable.feature/library/eclipseUnicode.h; sourceTree = "<group>"; };
		22CD8F4230604FBC0090D409 /* Cocoa.framework */ = {isa = PBXFileReference; lastKnownFileType = wrapper.framework; name = Cocoa.framework; path = System/Library/Frameworks/Cocoa.framework; sourceTree = SDKROOT; };
		22CD8F453060505C0090D409 /* eclipseCocoa.c */ = {isa = PBXFileReference; lastKnownFileType = sourcecode.c.c; name = eclipseCocoa.c; path = ../features/org.eclipse.equinox.executable.feature/library/cocoa/eclipseCocoa.c; sourceTree = "<group>"; };
/* End PBXFileReference section */

/* Begin PBXFrameworksBuildPhase section */
		22CD8EE6306014E90090D409 /* Frameworks */ = {
			isa = PBXFrameworksBuildPhase;
			buildActionMask = 2147483647;
			files = (
			);
			runOnlyForDeploymentPostprocessing = 0;
		};
		22CD8F003060167C0090D409 /* Frameworks */ = {
			isa = PBXFrameworksBuildPhase;
			buildActionMask = 2147483647;
			files = (
				22CD8F3B306041750090D409 /* libjvm.dylib in Frameworks */,
			);
			runOnlyForDeploymentPostprocessing = 0;
		};
		22CD8F0C306016D30090D409 /* Frameworks */ = {
			isa = PBXFrameworksBuildPhase;
			buildActionMask = 2147483647;
			files = (
				22CD8F13306016D30090D409 /* eclipse_11925.a in Frameworks */,
			);
			runOnlyForDeploymentPostprocessing = 0;
		};
/* End PBXFrameworksBuildPhase section */

/* Begin PBXGroup section */
		22CD8EE0306014E90090D409 = {
			isa = PBXGroup;
			children = (
				22CD8F453060505C0090D409 /* eclipseCocoa.c */,
				22CD8F3C30604EA20090D409 /* eclipseUnicode.h */,
				22CD8F373060287D0090D409 /* eclipseCocoaCommon.c */,
				22CD8F2D306028530090D409 /* eclipseOS.h */,
				22CD8F2E306028540090D409 /* eclipseShm.c */,
				22CD8F2B306028530090D409 /* eclipseShm.h */,
				22CD8F30306028540090D409 /* eclipseUnicode.h */,
				22CD8F2F306028540090D409 /* eclipseUtil.c */,
				22CD8F2C306028530090D409 /* eclipseUtil.h */,
				22CD8F1A306026F10090D409 /* eclipseCommon.h */,
				22CD8F1C306027C00090D409 /* eclipse.c */,
				22CD8F1D306027C00090D409 /* eclipseCommon.c */,
				22CD8F1E306027C00090D409 /* eclipseConfig.c */,
				22CD8F1F306027C00090D409 /* eclipseConfig.h */,
				22CD8F21306027C00090D409 /* eclipseJNI.c */,
				22CD8F22306027C00090D409 /* eclipseJNI.h */,
				22CD8EEB306014E90090D409 /* equinox_test */,
				22CD8F033060167C0090D409 /* eclipse_11925 */,
				22CD8F10306016D30090D409 /* test */,
				22CD8EEA306014E90090D409 /* Products */,
				22CD8F39306041750090D409 /* Frameworks */,
			);
			sourceTree = "<group>";
		};
		22CD8EEA306014E90090D409 /* Products */ = {
			isa = PBXGroup;
			children = (
				22CD8EE9306014E90090D409 /* equinox_test */,
				22CD8F023060167C0090D409 /* eclipse_11925.a */,
				22CD8F0F306016D30090D409 /* test.xctest */,
			);
			name = Products;
			sourceTree = "<group>";
		};
		22CD8EEB306014E90090D409 /* equinox_test */ = {
			isa = PBXGroup;
			children = (
				22CD8EEC306014E90090D409 /* main.m */,
			);
			path = equinox_test;
			sourceTree = "<group>";
		};
		22CD8F033060167C0090D409 /* eclipse_11925 */ = {
			isa = PBXGroup;
			children = (
				22CD8F043060167C0090D409 /* eclipse_11925.h */,
				22CD8F063060167C0090D409 /* eclipse_11925.m */,
			);
			path = eclipse_11925;
			sourceTree = "<group>";
		};
		22CD8F10306016D30090D409 /* test */ = {
			isa = PBXGroup;
			children = (
				22CD8F11306016D30090D409 /* test.m */,
			);
			path = test;
			sourceTree = "<group>";
		};
		22CD8F39306041750090D409 /* Frameworks */ = {
			isa = PBXGroup;
			children = (
				22CD8F4230604FBC0090D409 /* Cocoa.framework */,
				22CD8F3A306041750090D409 /* libjvm.dylib */,
			);
			name = Frameworks;
			sourceTree = "<group>";
		};
/* End PBXGroup section */

/* Begin PBXHeadersBuildPhase section */
		22CD8EFE3060167C0090D409 /* Headers */ = {
			isa = PBXHeadersBuildPhase;
			buildActionMask = 2147483647;
			files = (
				22CD8F36306028540090D409 /* eclipseUnicode.h in Headers */,
				22CD8F4030604F5C0090D409 /* eclipseJNI.h in Headers */,
				22CD8F4130604F830090D409 /* eclipseShm.h in Headers */,
				22CD8F3F30604F550090D409 /* eclipseUtil.h in Headers */,
				22CD8F4430604FF50090D409 /* eclipseConfig.h in Headers */,
				22CD8F3D30604F0C0090D409 /* eclipseCommon.h in Headers */,
				22CD8F3E30604F4A0090D409 /* eclipseOS.h in Headers */,
			);
			runOnlyForDeploymentPostprocessing = 0;
		};
		22CD8F19306026740090D409 /* Headers */ = {
			isa = PBXHeadersBuildPhase;
			buildActionMask = 2147483647;
			files = (
				22CD8F1B306026F10090D409 /* eclipseCommon.h in Headers */,
			);
			runOnlyForDeploymentPostprocessing = 0;
		};
/* End PBXHeadersBuildPhase section */

/* Begin PBXNativeTarget section */
		22CD8EE8306014E90090D409 /* equinox_test */ = {
			isa = PBXNativeTarget;
			buildConfigurationList = 22CD8EF0306014E90090D409 /* Build configuration list for PBXNativeTarget "equinox_test" */;
			buildPhases = (
				22CD8EE5306014E90090D409 /* Sources */,
				22CD8EE6306014E90090D409 /* Frameworks */,
				22CD8EE7306014E90090D409 /* CopyFiles */,
			);
			buildRules = (
			);
			dependencies = (
			);
			name = equinox_test;
			productName = equinox_test;
			productReference = 22CD8EE9306014E90090D409 /* equinox_test */;
			productType = "com.apple.product-type.tool";
		};
		22CD8F013060167C0090D409 /* eclipse_11925 */ = {
			isa = PBXNativeTarget;
			buildConfigurationList = 22CD8F083060167C0090D409 /* Build configuration list for PBXNativeTarget "eclipse_11925" */;
			buildPhases = (
				22CD8EFE3060167C0090D409 /* Headers */,
				22CD8EFF3060167C0090D409 /* Sources */,
				22CD8F003060167C0090D409 /* Frameworks */,
			);
			buildRules = (
			);
			dependencies = (
			);
			name = eclipse_11925;
			productName = eclipse_11925;
			productReference = 22CD8F023060167C0090D409 /* eclipse_11925.a */;
			productType = "com.apple.product-type.library.static";
		};
		22CD8F0E306016D30090D409 /* test */ = {
			isa = PBXNativeTarget;
			buildConfigurationList = 22CD8F16306016D30090D409 /* Build configuration list for PBXNativeTarget "test" */;
			buildPhases = (
				22CD8F19306026740090D409 /* Headers */,
				22CD8F0B306016D30090D409 /* Sources */,
				22CD8F0C306016D30090D409 /* Frameworks */,
				22CD8F0D306016D30090D409 /* Resources */,
			);
			buildRules = (
			);
			dependencies = (
				22CD8F15306016D30090D409 /* PBXTargetDependency */,
			);
			name = test;
			productName = test;
			productReference = 22CD8F0F306016D30090D409 /* test.xctest */;
			productType = "com.apple.product-type.bundle.unit-test";
		};
/* End PBXNativeTarget section */

/* Begin PBXProject section */
		22CD8EE1306014E90090D409 /* Project object */ = {
			isa = PBXProject;
			attributes = {
				BuildIndependentTargetsInParallel = 1;
				LastUpgradeCheck = 1340;
				TargetAttributes = {
					22CD8EE8306014E90090D409 = {
						CreatedOnToolsVersion = 13.4;
					};
					22CD8F013060167C0090D409 = {
						CreatedOnToolsVersion = 13.4;
					};
					22CD8F0E306016D30090D409 = {
						CreatedOnToolsVersion = 13.4;
					};
				};
			};
			buildConfigurationList = 22CD8EE4306014E90090D409 /* Build configuration list for PBXProject "equinox_test" */;
			compatibilityVersion = "Xcode 13.0";
			developmentRegion = en;
			hasScannedForEncodings = 0;
			knownRegions = (
				en,
				Base,
			);
			mainGroup = 22CD8EE0306014E90090D409;
			productRefGroup = 22CD8EEA306014E90090D409 /* Products */;
			projectDirPath = "";
			projectRoot = "";
			targets = (
				22CD8EE8306014E90090D409 /* equinox_test */,
				22CD8F013060167C0090D409 /* eclipse_11925 */,
				22CD8F0E306016D30090D409 /* test */,
			);
		};
/* End PBXProject section */

/* Begin PBXResourcesBuildPhase section */
		22CD8F0D306016D30090D409 /* Resources */ = {
			isa = PBXResourcesBuildPhase;
			buildActionMask = 2147483647;
			files = (
			);
			runOnlyForDeploymentPostprocessing = 0;
		};
/* End PBXResourcesBuildPhase section */

/* Begin PBXSourcesBuildPhase section */
		22CD8EE5306014E90090D409 /* Sources */ = {
			isa = PBXSourcesBuildPhase;
			buildActionMask = 2147483647;
			files = (
				22CD8EED306014E90090D409 /* main.m in Sources */,
			);
			runOnlyForDeploymentPostprocessing = 0;
		};
		22CD8EFF3060167C0090D409 /* Sources */ = {
			isa = PBXSourcesBuildPhase;
			buildActionMask = 2147483647;
			files = (
				22CD8F463060505C0090D409 /* eclipseCocoa.c in Sources */,
				22CD8F383060287D0090D409 /* eclipseCocoaCommon.c in Sources */,
				22CD8F34306028540090D409 /* eclipseShm.c in Sources */,
				22CD8F35306028540090D409 /* eclipseUtil.c in Sources */,
				22CD8F23306027C00090D409 /* eclipse.c in Sources */,
				22CD8F24306027C00090D409 /* eclipseCommon.c in Sources */,
				22CD8F25306027C00090D409 /* eclipseConfig.c in Sources */,
				22CD8F28306027C00090D409 /* eclipseJNI.c in Sources */,
			);
			runOnlyForDeploymentPostprocessing = 0;
		};
		22CD8F0B306016D30090D409 /* Sources */ = {
			isa = PBXSourcesBuildPhase;
			buildActionMask = 2147483647;
			files = (
				22CD8F12306016D30090D409 /* test.m in Sources */,
			);
			runOnlyForDeploymentPostprocessing = 0;
		};
/* End PBXSourcesBuildPhase section */

/* Begin PBXTargetDependency section */
		22CD8F15306016D30090D409 /* PBXTargetDependency */ = {
			isa = PBXTargetDependency;
			target = 22CD8F013060167C0090D409 /* eclipse_11925 */;
			targetProxy = 22CD8F14306016D30090D409 /* PBXContainerItemProxy */;
		};
/* End PBXTargetDependency section */

/* Begin XCBuildConfiguration section */
		22CD8EEE306014E90090D409 /* Debug */ = {
			isa = XCBuildConfiguration;
			buildSettings = {
				ALWAYS_SEARCH_USER_PATHS = NO;
				CLANG_ANALYZER_NONNULL = YES;
				CLANG_ANALYZER_NUMBER_OBJECT_CONVERSION = YES_AGGRESSIVE;
				CLANG_CXX_LANGUAGE_STANDARD = "gnu++17";
				CLANG_ENABLE_MODULES = YES;
				CLANG_ENABLE_OBJC_ARC = NO;
				CLANG_ENABLE_OBJC_WEAK = YES;
				CLANG_WARN_BLOCK_CAPTURE_AUTORELEASING = YES;
				CLANG_WARN_BOOL_CONVERSION = YES;
				CLANG_WARN_COMMA = YES;
				CLANG_WARN_CONSTANT_CONVERSION = YES;
				CLANG_WARN_DEPRECATED_OBJC_IMPLEMENTATIONS = YES;
				CLANG_WARN_DIRECT_OBJC_ISA_USAGE = YES_ERROR;
				CLANG_WARN_DOCUMENTATION_COMMENTS = YES;
				CLANG_WARN_EMPTY_BODY = YES;
				CLANG_WARN_ENUM_CONVERSION = YES;
				CLANG_WARN_INFINITE_RECURSION = YES;
				CLANG_WARN_INT_CONVERSION = YES;
				CLANG_WARN_NON_LITERAL_NULL_CONVERSION = YES;
				CLANG_WARN_OBJC_IMPLICIT_RETAIN_SELF = YES;
				CLANG_WARN_OBJC_LITERAL_CONVERSION = YES;
				CLANG_WARN_OBJC_ROOT_CLASS = YES_ERROR;
				CLANG_WARN_QUOTED_INCLUDE_IN_FRAMEWORK_HEADER = YES;
				CLANG_WARN_RANGE_LOOP_ANALYSIS = YES;
				CLANG_WARN_STRICT_PROTOTYPES = YES;
				CLANG_WARN_SUSPICIOUS_MOVE = YES;
				CLANG_WARN_UNGUARDED_AVAILABILITY = YES_AGGRESSIVE;
				CLANG_WARN_UNREACHABLE_CODE = YES;
				CLANG_WARN__DUPLICATE_METHOD_MATCH = YES;
				COPY_PHASE_STRIP = NO;
				DEBUG_INFORMATION_FORMAT = dwarf;
				ENABLE_STRICT_OBJC_MSGSEND = YES;
				ENABLE_TESTABILITY = YES;
				GCC_C_LANGUAGE_STANDARD = gnu11;
				GCC_DYNAMIC_NO_PIC = NO;
				GCC_NO_COMMON_BLOCKS = YES;
				GCC_OPTIMIZATION_LEVEL = 0;
				GCC_PREPROCESSOR_DEFINITIONS = (
					"DEBUG=1",
					"$(inherited)",
				);
				GCC_WARN_64_TO_32_BIT_CONVERSION = YES;
				GCC_WARN_ABOUT_RETURN_TYPE = YES_ERROR;
				GCC_WARN_UNDECLARED_SELECTOR = YES;
				GCC_WARN_UNINITIALIZED_AUTOS = YES_AGGRESSIVE;
				GCC_WARN_UNUSED_FUNCTION = YES;
				GCC_WARN_UNUSED_VARIABLE = YES;
				HEADER_SEARCH_PATHS = (
					"$(JAVA_HOME)/include",
					"$(JAVA_HOME)/include/darwin",
				);
				JAVA_HOME = "/Library/Java/JavaVirtualMachines/jdk-26.jdk/Contents/Home";
				MACOSX_DEPLOYMENT_TARGET = 12.3;
				MTL_ENABLE_DEBUG_INFO = "";
				MTL_FAST_MATH = YES;
				ONLY_ACTIVE_ARCH = YES;
				SDKROOT = macosx;
			};
			name = Debug;
		};
		22CD8EEF306014E90090D409 /* Release */ = {
			isa = XCBuildConfiguration;
			buildSettings = {
				ALWAYS_SEARCH_USER_PATHS = NO;
				CLANG_ANALYZER_NONNULL = YES;
				CLANG_ANALYZER_NUMBER_OBJECT_CONVERSION = YES_AGGRESSIVE;
				CLANG_CXX_LANGUAGE_STANDARD = "gnu++17";
				CLANG_ENABLE_MODULES = YES;
				CLANG_ENABLE_OBJC_ARC = NO;
				CLANG_ENABLE_OBJC_WEAK = YES;
				CLANG_WARN_BLOCK_CAPTURE_AUTORELEASING = YES;
				CLANG_WARN_BOOL_CONVERSION = YES;
				CLANG_WARN_COMMA = YES;
				CLANG_WARN_CONSTANT_CONVERSION = YES;
				CLANG_WARN_DEPRECATED_OBJC_IMPLEMENTATIONS = YES;
				CLANG_WARN_DIRECT_OBJC_ISA_USAGE = YES_ERROR;
				CLANG_WARN_DOCUMENTATION_COMMENTS = YES;
				CLANG_WARN_EMPTY_BODY = YES;
				CLANG_WARN_ENUM_CONVERSION = YES;
				CLANG_WARN_INFINITE_RECURSION = YES;
				CLANG_WARN_INT_CONVERSION = YES;
				CLANG_WARN_NON_LITERAL_NULL_CONVERSION = YES;
				CLANG_WARN_OBJC_IMPLICIT_RETAIN_SELF = YES;
				CLANG_WARN_OBJC_LITERAL_CONVERSION = YES;
				CLANG_WARN_OBJC_ROOT_CLASS = YES_ERROR;
				CLANG_WARN_QUOTED_INCLUDE_IN_FRAMEWORK_HEADER = YES;
				CLANG_WARN_RANGE_LOOP_ANALYSIS = YES;
				CLANG_WARN_STRICT_PROTOTYPES = YES;
				CLANG_WARN_SUSPICIOUS_MOVE = YES;
				CLANG_WARN_UNGUARDED_AVAILABILITY = YES_AGGRESSIVE;
				CLANG_WARN_UNREACHABLE_CODE = YES;
				CLANG_WARN__DUPLICATE_METHOD_MATCH = YES;
				COPY_PHASE_STRIP = NO;
				DEBUG_INFORMATION_FORMAT = "dwarf-with-dsym";
				ENABLE_NS_ASSERTIONS = NO;
				ENABLE_STRICT_OBJC_MSGSEND = YES;
				GCC_C_LANGUAGE_STANDARD = gnu11;
				GCC_NO_COMMON_BLOCKS = YES;
				GCC_WARN_64_TO_32_BIT_CONVERSION = YES;
				GCC_WARN_ABOUT_RETURN_TYPE = YES_ERROR;
				GCC_WARN_UNDECLARED_SELECTOR = YES;
				GCC_WARN_UNINITIALIZED_AUTOS = YES_AGGRESSIVE;
				GCC_WARN_UNUSED_FUNCTION = YES;
				GCC_WARN_UNUSED_VARIABLE = YES;
				HEADER_SEARCH_PATHS = (
					"$(JAVA_HOME)/include",
					"$(JAVA_HOME)/include/darwin",
				);
				JAVA_HOME = "/Library/Java/JavaVirtualMachines/jdk-26.jdk/Contents/Home";
				MACOSX_DEPLOYMENT_TARGET = 12.3;
				MTL_ENABLE_DEBUG_INFO = "";
				MTL_FAST_MATH = YES;
				SDKROOT = macosx;
			};
			name = Release;
		};
		22CD8EF1306014E90090D409 /* Debug */ = {
			isa = XCBuildConfiguration;
			buildSettings = {
				CODE_SIGN_STYLE = Automatic;
				PRODUCT_NAME = "$(TARGET_NAME)";
			};
			name = Debug;
		};
		22CD8EF2306014E90090D409 /* Release */ = {
			isa = XCBuildConfiguration;
			buildSettings = {
				CODE_SIGN_STYLE = Automatic;
				PRODUCT_NAME = "$(TARGET_NAME)";
			};
			name = Release;
		};
		22CD8F093060167C0090D409 /* Debug */ = {
			isa = XCBuildConfiguration;
			buildSettings = {
				CODE_SIGN_STYLE = Automatic;
				EXECUTABLE_PREFIX = "";
				GCC_PREPROCESSOR_DEFINITIONS = (
					"DEFAULT_OS_ARCH=\"\\\"x86_64\\\"\"",
					"DEFAULT_OS=\"\\\"macosx\\\"\"",
					"DEFAULT_WS=\"\\\"cocoa\\\"\"",
					MACOSX,
					COCOA,
				);
				HEADER_SEARCH_PATHS = (
					"$(JAVA_HOME)/include",
					"$(JAVA_HOME)/include/darwin",
				);
				LD_RUNPATH_SEARCH_PATHS = "$(JAVA_HOME)/lib/server\n";
				LIBRARY_SEARCH_PATHS = "$(JAVA_HOME)/lib/server";
				PRODUCT_NAME = "$(TARGET_NAME)";
				SKIP_INSTALL = YES;
			};
			name = Debug;
		};
		22CD8F0A3060167C0090D409 /* Release */ = {
			isa = XCBuildConfiguration;
			buildSettings = {
				CODE_SIGN_STYLE = Automatic;
				EXECUTABLE_PREFIX = "";
				GCC_PREPROCESSOR_DEFINITIONS = (
					"DEFAULT_OS_ARCH=\"\\\"x86_64\\\"\"",
					"DEFAULT_OS=\"\\\"macosx\\\"\"",
					"DEFAULT_WS=\"\\\"cocoa\\\"\"",
					MACOSX,
					COCOA,
				);
				HEADER_SEARCH_PATHS = (
					"$(JAVA_HOME)/include",
					"$(JAVA_HOME)/include/darwin",
				);
				LD_RUNPATH_SEARCH_PATHS = "$(JAVA_HOME)/lib/server\n";
				LIBRARY_SEARCH_PATHS = "$(JAVA_HOME)/lib/server";
				PRODUCT_NAME = "$(TARGET_NAME)";
				SKIP_INSTALL = YES;
			};
			name = Release;
		};
		22CD8F17306016D30090D409 /* Debug */ = {
			isa = XCBuildConfiguration;
			buildSettings = {
				CODE_SIGN_STYLE = Automatic;
				CURRENT_PROJECT_VERSION = 1;
				GENERATE_INFOPLIST_FILE = YES;
				MARKETING_VERSION = 1.0;
				PRODUCT_BUNDLE_IDENTIFIER = hu.mgl.equinox.test;
				PRODUCT_NAME = "$(TARGET_NAME)";
				SWIFT_EMIT_LOC_STRINGS = NO;
			};
			name = Debug;
		};
		22CD8F18306016D30090D409 /* Release */ = {
			isa = XCBuildConfiguration;
			buildSettings = {
				CODE_SIGN_STYLE = Automatic;
				CURRENT_PROJECT_VERSION = 1;
				GENERATE_INFOPLIST_FILE = YES;
				MARKETING_VERSION = 1.0;
				PRODUCT_BUNDLE_IDENTIFIER = hu.mgl.equinox.test;
				PRODUCT_NAME = "$(TARGET_NAME)";
				SWIFT_EMIT_LOC_STRINGS = NO;
			};
			name = Release;
		};
/* End XCBuildConfiguration section */

/* Begin XCConfigurationList section */
		22CD8EE4306014E90090D409 /* Build configuration list for PBXProject "equinox_test" */ = {
			isa = XCConfigurationList;
			buildConfigurations = (
				22CD8EEE306014E90090D409 /* Debug */,
				22CD8EEF306014E90090D409 /* Release */,
			);
			defaultConfigurationIsVisible = 0;
			defaultConfigurationName = Release;
		};
		22CD8EF0306014E90090D409 /* Build configuration list for PBXNativeTarget "equinox_test" */ = {
			isa = XCConfigurationList;
			buildConfigurations = (
				22CD8EF1306014E90090D409 /* Debug */,
				22CD8EF2306014E90090D409 /* Release */,
			);
			defaultConfigurationIsVisible = 0;
			defaultConfigurationName = Release;
		};
		22CD8F083060167C0090D409 /* Build configuration list for PBXNativeTarget "eclipse_11925" */ = {
			isa = XCConfigurationList;
			buildConfigurations = (
				22CD8F093060167C0090D409 /* Debug */,
				22CD8F0A3060167C0090D409 /* Release */,
			);
			defaultConfigurationIsVisible = 0;
			defaultConfigurationName = Release;
		};
		22CD8F16306016D30090D409 /* Build configuration list for PBXNativeTarget "test" */ = {
			isa = XCConfigurationList;
			buildConfigurations = (
				22CD8F17306016D30090D409 /* Debug */,
				22CD8F18306016D30090D409 /* Release */,
			);
			defaultConfigurationIsVisible = 0;
			defaultConfigurationName = Release;
		};
/* End XCConfigurationList section */
	};
	rootObject = 22CD8EE1306014E90090D409 /* Project object */;
}
